
Microsoft Visual Studio Solution File, Format Version 12.00
# Visual Studio 16
Project("{8BC9CEB8-8B4A-11D0-8D11-00A0C91BC942}") = "Infoprog2020", "Infoprog2020\Infoprog2020.vcxproj", "{8D019668-7964-250D-22EA-5DC30E2CF18F}"
EndProject
Global
	GlobalSection(SolutionConfigurationPlatforms) = preSolution
		Debug|x64 = Debug|x64
		Distribution|x64 = Distribution|x64
		Release|x64 = Release|x64
	EndGlobalSection
	GlobalSection(ProjectConfigurationPlatforms) = postSolution
		{8D019668-7964-250D-22EA-5DC30E2CF18F}.Debug|x64.ActiveCfg = Debug|x64
		{8D019668-7964-250D-22EA-5DC30E2CF18F}.Debug|x64.Build.0 = Debug|x64
		{8D019668-7964-250D-22EA-5DC30E2CF18F}.Distribution|x64.ActiveCfg = Distribution|x64
		{8D019668-7964-250D-22EA-5DC30E2CF18F}.Distribution|x64.Build.0 = Distribution|x64
		{8D019668-7964-250D-22EA-5DC30E2CF18F}.Release|x64.ActiveCfg = Release|x64
		{8D019668-7964-250D-22EA-5DC30E2CF18F}.Release|x64.Build.0 = Release|x64
	EndGlobalSection
	GlobalSection(SolutionProperties) = preSolution
		HideSolutionNode = FALSE
	EndGlobalSection
EndGlobal
